// !$*UTF8*$!
{
	archiveVersion = 1;
	classes = {
	};
	objectVersion = 46;
	objects = {

/* Begin PBXBuildFile section */
		2084F19D196B96DB004BCD71 /* RegisterViewController.swift in Sources */ = {isa = PBXBuildFile; fileRef = 2084F19C196B96DB004BCD71 /* RegisterViewController.swift */; };
		20B3951C196B88F700086A35 /* AppDelegate.swift in Sources */ = {isa = PBXBuildFile; fileRef = 20B3951B196B88F700086A35 /* AppDelegate.swift */; };
		20B3951E196B88F700086A35 /* ViewController.swift in Sources */ = {isa = PBXBuildFile; fileRef = 20B3951D196B88F700086A35 /* ViewController.swift */; };
		20B39521196B88F700086A35 /* Main.storyboard in Resources */ = {isa = PBXBuildFile; fileRef = 20B3951F196B88F700086A35 /* Main.storyboard */; };
		20B39523196B88F700086A35 /* Images.xcassets in Resources */ = {isa = PBXBuildFile; fileRef = 20B39522196B88F700086A35 /* Images.xcassets */; };
		20B3952F196B88F700086A35 /* ModalViewSampleTests.swift in Sources */ = {isa = PBXBuildFile; fileRef = 20B3952E196B88F700086A35 /* ModalViewSampleTests.swift */; };
/* End PBXBuildFile section */

/* Begin PBXContainerItemProxy section */
		20B39529196B88F700086A35 /* PBXContainerItemProxy */ = {
			isa = PBXContainerItemProxy;
			containerPortal = 20B3950E196B88F700086A35 /* Project object */;
			proxyType = 1;
			remoteGlobalIDString = 20B39515196B88F700086A35;
			remoteInfo = ModalViewSample;
		};
/* End PBXContainerItemProxy section */

/* Begin PBXFileReference section */
		2084F19C196B96DB004BCD71 /* RegisterViewController.swift */ = {isa = PBXFileReference; fileEncoding = 4; lastKnownFileType = sourcecode.swift; path = RegisterViewController.swift; sourceTree = "<group>"; };
		20B39516196B88F700086A35 /* ModalViewSample.app */ = {isa = PBXFileReference; explicitFileType = wrapper.application; includeInIndex = 0; path = ModalViewSample.app; sourceTree = BUILT_PRODUCTS_DIR; };
		20B3951A196B88F700086A35 /* Info.plist */ = {isa = PBXFileReference; lastKnownFileType = text.plist.xml; path = Info.plist; sourceTree = "<group>"; };
		20B3951B196B88F700086A35 /* AppDelegate.swift */ = {isa = PBXFileReference; lastKnownFileType = sourcecode.swift; path = AppDelegate.swift; sourceTree = "<group>"; };
		20B3951D196B88F700086A35 /* ViewController.swift */ = {isa = PBXFileReference; lastKnownFileType = sourcecode.swift; path = ViewController.swift; sourceTree = "<group>"; };
		20B39520196B88F700086A35 /* Base */ = {isa = PBXFileReference; lastKnownFileType = file.storyboard; name = Base; path = Base.lproj/Main.storyboard; sourceTree = "<group>"; };
		20B39522196B88F700086A35 /* Images.xcassets */ = {isa = PBXFileReference; lastKnownFileType = folder.assetcatalog; path = Images.xcassets; sourceTree = "<group>"; };
		20B39528196B88F700086A35 /* ModalViewSampleTests.xctest */ = {isa = PBXFileReference; explicitFileType = wrapper.cfbundle; includeInIndex = 0; path = ModalViewSampleTests.xctest; sourceTree = BUILT_PRODUCTS_DIR; };
		20B3952D196B88F700086A35 /* Info.plist */ = {isa = PBXFileReference; lastKnownFileType = text.plist.xml; path = Info.plist; sourceTree = "<group>"; };
		20B3952E196B88F700086A35 /* ModalViewSampleTests.swift */ = {isa = PBXFileReference; lastKnownFileType = sourcecode.swift; path = ModalViewSampleTests.swift; sourceTree = "<group>"; };
/* End PBXFileReference section */

/* Begin PBXFrameworksBuildPhase section */
		20B39513196B88F700086A35 /* Frameworks */ = {
			isa = PBXFrameworksBuildPhase;
			buildActionMask = 2147483647;
			files = (
			);
			runOnlyForDeploymentPostprocessing = 0;
		};
		20B39525196B88F700086A35 /* Frameworks */ = {
			isa = PBXFrameworksBuildPhase;
			buildActionMask = 2147483647;
			files = (
			);
			runOnlyForDeploymentPostprocessing = 0;
		};
/* End PBXFrameworksBuildPhase section */

/* Begin PBXGroup section */
		20B3950D196B88F700086A35 = {
			isa = PBXGroup;
			children = (
				20B39518196B88F700086A35 /* ModalViewSample */,
				20B3952B196B88F700086A35 /* ModalViewSampleTests */,
				20B39517196B88F700086A35 /* Products */,
			);
			sourceTree = "<group>";
		};
		20B39517196B88F700086A35 /* Products */ = {
			isa = PBXGroup;
			children = (
				20B39516196B88F700086A35 /* ModalViewSample.app */,
				20B39528196B88F700086A35 /* ModalViewSampleTests.xctest */,
			);
			name = Products;
			sourceTree = "<group>";
		};
		20B39518196B88F700086A35 /* ModalViewSample */ = {
			isa = PBXGroup;
			children = (
				20B3951B196B88F700086A35 /* AppDelegate.swift */,
				20B3951D196B88F700086A35 /* ViewController.swift */,
				20B3951F196B88F700086A35 /* Main.storyboard */,
				2084F19C196B96DB004BCD71 /* RegisterViewController.swift */,
				20B39522196B88F700086A35 /* Images.xcassets */,
				20B39519196B88F700086A35 /* Supporting Files */,
			);
			path = ModalViewSample;
			sourceTree = "<group>";
		};
		20B39519196B88F700086A35 /* Supporting Files */ = {
			isa = PBXGroup;
			children = (
				20B3951A196B88F700086A35 /* Info.plist */,
			);
			name = "Supporting Files";
			sourceTree = "<group>";
		};
		20B3952B196B88F700086A35 /* ModalViewSampleTests */ = {
			isa = PBXGroup;
			children = (
				20B3952E196B88F700086A35 /* ModalViewSampleTests.swift */,
				20B3952C196B88F700086A35 /* Supporting Files */,
			);
			path = ModalViewSampleTests;
			sourceTree = "<group>";
		};
		20B3952C196B88F700086A35 /* Supporting Files */ = {
			isa = PBXGroup;
			children = (
				20B3952D196B88F700086A35 /* Info.plist */,
			);
			name = "Supporting Files";
			sourceTree = "<group>";
		};
/* End PBXGroup section */

/* Begin PBXNativeTarget section */
		20B39515196B88F700086A35 /* ModalViewSample */ = {
			isa = PBXNativeTarget;
			buildConfigurationList = 20B39532196B88F700086A35 /* Build configuration list for PBXNativeTarget "ModalViewSample" */;
			buildPhases = (
				20B39512196B88F700086A35 /* Sources */,
				20B39513196B88F700086A35 /* Frameworks */,
				20B39514196B88F700086A35 /* Resources */,
			);
			buildRules = (
			);
			dependencies = (
			);
			name = ModalViewSample;
			productName = ModalViewSample;
			productReference = 20B39516196B88F700086A35 /* ModalViewSample.app */;
			productType = "com.apple.product-type.application";
		};
		20B39527196B88F700086A35 /* ModalViewSampleTests */ = {
			isa = PBXNativeTarget;
			buildConfigurationList = 20B39535196B88F700086A35 /* Build configuration list for PBXNativeTarget "ModalViewSampleTests" */;
			buildPhases = (
				20B39524196B88F700086A35 /* Sources */,
				20B39525196B88F700086A35 /* Frameworks */,
				20B39526196B88F700086A35 /* Resources */,
			);
			buildRules = (
			);
			dependencies = (
				20B3952A196B88F700086A35 /* PBXTargetDependency */,
			);
			name = ModalViewSampleTests;
			productName = ModalViewSampleTests;
			productReference = 20B39528196B88F700086A35 /* ModalViewSampleTests.xctest */;
			productType = "com.apple.product-type.bundle.unit-test";
		};
/* End PBXNativeTarget section */

/* Begin PBXProject section */
		20B3950E196B88F700086A35 /* Project object */ = {
			isa = PBXProject;
			attributes = {
				LastUpgradeCheck = 0600;
				ORGANIZATIONNAME = HUYI;
				TargetAttributes = {
					20B39515196B88F700086A35 = {
						CreatedOnToolsVersion = 6.0;
					};
					20B39527196B88F700086A35 = {
						CreatedOnToolsVersion = 6.0;
						TestTargetID = 20B39515196B88F700086A35;
					};
				};
			};
			buildConfigurationList = 20B39511196B88F700086A35 /* Build configuration list for PBXProject "ModalViewSample" */;
			compatibilityVersion = "Xcode 3.2";
			developmentRegion = English;
			hasScannedForEncodings = 0;
			knownRegions = (
				en,
				Base,
			);
			mainGroup = 20B3950D196B88F700086A35;
			productRefGroup = 20B39517196B88F700086A35 /* Products */;
			projectDirPath = "";
			projectRoot = "";
			targets = (
				20B39515196B88F700086A35 /* ModalViewSample */,
				20B39527196B88F700086A35 /* ModalViewSampleTests */,
			);
		};
/* End PBXProject section */

/* Begin PBXResourcesBuildPhase section */
		20B39514196B88F700086A35 /* Resources */ = {
			isa = PBXResourcesBuildPhase;
			buildActionMask = 2147483647;
			files = (
				20B39521196B88F700086A35 /* Main.storyboard in Resources */,
				20B39523196B88F700086A35 /* Images.xcassets in Resources */,
			);
			runOnlyForDeploymentPostprocessing = 0;
		};
		20B39526196B88F700086A35 /* Resources */ = {
			isa = PBXResourcesBuildPhase;
			buildActionMask = 2147483647;
			files = (
			);
			runOnlyForDeploymentPostprocessing = 0;
		};
/* End PBXResourcesBuildPhase section */

/* Begin PBXSourcesBuildPhase section */
		20B39512196B88F700086A35 /* Sources */ = {
			isa = PBXSourcesBuildPhase;
			buildActionMask = 2147483647;
			files = (
				2084F19D196B96DB004BCD71 /* RegisterViewController.swift in Sources */,
				20B3951E196B88F700086A35 /* ViewController.swift in Sources */,
				20B3951C196B88F700086A35 /* AppDelegate.swift in Sources */,
			);
			runOnlyForDeploymentPostprocessing = 0;
		};
		20B39524196B88F700086A35 /* Sources */ = {
			isa = PBXSourcesBuildPhase;
			buildActionMask = 2147483647;
			files = (
				20B3952F196B88F700086A35 /* ModalViewSampleTests.swift in Sources */,
			);
			runOnlyForDeploymentPostprocessing = 0;
		};
/* End PBXSourcesBuildPhase section */

/* Begin PBXTargetDependency section */
		20B3952A196B88F700086A35 /* PBXTargetDependency */ = {
			isa = PBXTargetDependency;
			target = 20B39515196B88F700086A35 /* ModalViewSample */;
			targetProxy = 20B39529196B88F700086A35 /* PBXContainerItemProxy */;
		};
/* End PBXTargetDependency section */

/* Begin PBXVariantGroup section */
		20B3951F196B88F700086A35 /* Main.storyboard */ = {
			isa = PBXVariantGroup;
			children = (
				20B39520196B88F700086A35 /* Base */,
			);
			name = Main.storyboard;
			sourceTree = "<group>";
		};
/* End PBXVariantGroup section */

/* Begin XCBuildConfiguration section */
		20B39530196B88F700086A35 /* Debug */ = {
			isa = XCBuildConfiguration;
			buildSettings = {
				ALWAYS_SEARCH_USER_PATHS = NO;
				CLANG_CXX_LANGUAGE_STANDARD = "gnu++0x";
				CLANG_CXX_LIBRARY = "libc++";
				CLANG_ENABLE_MODULES = YES;
				CLANG_ENABLE_OBJC_ARC = YES;
				CLANG_WARN_BOOL_CONVERSION = YES;
				CLANG_WARN_CONSTANT_CONVERSION = YES;
				CLANG_WARN_DIRECT_OBJC_ISA_USAGE = YES_ERROR;
				CLANG_WARN_EMPTY_BODY = YES;
				CLANG_WARN_ENUM_CONVERSION = YES;
				CLANG_WARN_INT_CONVERSION = YES;
				CLANG_WARN_OBJC_ROOT_CLASS = YES_ERROR;
				CLANG_WARN_UNREACHABLE_CODE = YES;
				CLANG_WARN__DUPLICATE_METHOD_MATCH = YES;
				"CODE_SIGN_IDENTITY[sdk=iphoneos*]" = "iPhone Developer";
				COPY_PHASE_STRIP = NO;
				ENABLE_STRICT_OBJC_MSGSEND = YES;
				GCC_C_LANGUAGE_STANDARD = gnu99;
				GCC_DYNAMIC_NO_PIC = NO;
				GCC_OPTIMIZATION_LEVEL = 0;
				GCC_PREPROCESSOR_DEFINITIONS = (
					"DEBUG=1",
					"$(inherited)",
				);
				GCC_SYMBOLS_PRIVATE_EXTERN = NO;
				GCC_WARN_64_TO_32_BIT_CONVERSION = YES;
				GCC_WARN_ABOUT_RETURN_TYPE = YES_ERROR;
				GCC_WARN_UNDECLARED_SELECTOR = YES;
				GCC_WARN_UNINITIALIZED_AUTOS = YES_AGGRESSIVE;
				GCC_WARN_UNUSED_FUNCTION = YES;
				GCC_WARN_UNUSED_VARIABLE = YES;
				IPHONEOS_DEPLOYMENT_TARGET = 8.0;
				METAL_ENABLE_DEBUG_INFO = YES;
				ONLY_ACTIVE_ARCH = YES;
				SDKROOT = iphoneos;
				SWIFT_OPTIMIZATION_LEVEL = "-Onone";
			};
			name = Debug;
		};
		20B39531196B88F700086A35 /* Release */ = {
			isa = XCBuildConfiguration;
			buildSettings = {
				ALWAYS_SEARCH_USER_PATHS = NO;
				CLANG_CXX_LANGUAGE_STANDARD = "gnu++0x";
				CLANG_CXX_LIBRARY = "libc++";
				CLANG_ENABLE_MODULES = YES;
				CLANG_ENABLE_OBJC_ARC = YES;
				CLANG_WARN_BOOL_CONVERSION = YES;
				CLANG_WARN_CONSTANT_CONVERSION = YES;
				CLANG_WARN_DIRECT_OBJC_ISA_USAGE = YES_ERROR;
				CLANG_WARN_EMPTY_BODY = YES;
				CLANG_WARN_ENUM_CONVERSION = YES;
				CLANG_WARN_INT_CONVERSION = YES;
				CLANG_WARN_OBJC_ROOT_CLASS = YES_ERROR;
				CLANG_WARN_UNREACHABLE_CODE = YES;
				CLANG_WARN__DUPLICATE_METHOD_MATCH = YES;
				"CODE_SIGN_IDENTITY[sdk=iphoneos*]" = "iPhone Developer";
				COPY_PHASE_STRIP = YES;
				ENABLE_NS_ASSERTIONS = NO;
				ENABLE_STRICT_OBJC_MSGSEND = YES;
				GCC_C_LANGUAGE_STANDARD = gnu99;
				GCC_WARN_64_TO_32_BIT_CONVERSION = YES;
				GCC_WARN_ABOUT_RETURN_TYPE = YES_ERROR;
				GCC_WARN_UNDECLARED_SELECTOR = YES;
				GCC_WARN_UNINITIALIZED_AUTOS = YES_AGGRESSIVE;
				GCC_WARN_UNUSED_FUNCTION = YES;
				GCC_WARN_UNUSED_VARIABLE = YES;
				IPHONEOS_DEPLOYMENT_TARGET = 8.0;
				METAL_ENABLE_DEBUG_INFO = NO;
				SDKROOT = iphoneos;
				VALIDATE_PRODUCT = YES;
			};
			name = Release;
		};
		20B39533196B88F700086A35 /* Debug */ = {
			isa = XCBuildConfiguration;
			buildSettings = {
				ASSETCATALOG_COMPILER_APPICON_NAME = AppIcon;
				ASSETCATALOG_COMPILER_LAUNCHIMAGE_NAME = LaunchImage;
				INFOPLIST_FILE = ModalViewSample/Info.plist;
				LD_RUNPATH_SEARCH_PATHS = "$(inherited) @executable_path/Frameworks";
				PRODUCT_NAME = "$(TARGET_NAME)";
			};
			name = Debug;
		};
		20B39534196B88F700086A35 /* Release */ = {
			isa = XCBuildConfiguration;
			buildSettings = {
				ASSETCATALOG_COMPILER_APPICON_NAME = AppIcon;
				ASSETCATALOG_COMPILER_LAUNCHIMAGE_NAME = LaunchImage;
				INFOPLIST_FILE = ModalViewSample/Info.plist;
				LD_RUNPATH_SEARCH_PATHS = "$(inherited) @executable_path/Frameworks";
				PRODUCT_NAME = "$(TARGET_NAME)";
			};
			name = Release;
		};
		20B39536196B88F700086A35 /* Debug */ = {
			isa = XCBuildConfiguration;
			buildSettings = {
				BUNDLE_LOADER = "$(BUILT_PRODUCTS_DIR)/ModalViewSample.app/ModalViewSample";
				FRAMEWORK_SEARCH_PATHS = (
					"$(SDKROOT)/Developer/Library/Frameworks",
					"$(inherited)",
				);
				GCC_PREPROCESSOR_DEFINITIONS = (
					"DEBUG=1",
					"$(inherited)",
				);
				INFOPLIST_FILE = ModalViewSampleTests/Info.plist;
				LD_RUNPATH_SEARCH_PATHS = "$(inherited) @executable_path/Frameworks @loader_path/Frameworks";
				METAL_ENABLE_DEBUG_INFO = YES;
				PRODUCT_NAME = "$(TARGET_NAME)";
				TEST_HOST = "$(BUNDLE_LOADER)";
			};
			name = Debug;
		};
		20B39537196B88F700086A35 /* Release */ = {
			isa = XCBuildConfiguration;
			buildSettings = {
				BUNDLE_LOADER = "$(BUILT_PRODUCTS_DIR)/ModalViewSample.app/ModalViewSample";
				FRAMEWORK_SEARCH_PATHS = (
					"$(SDKROOT)/Developer/Library/Frameworks",
					"$(inherited)",
				);
				INFOPLIST_FILE = ModalViewSampleTests/Info.plist;
				LD_RUNPATH_SEARCH_PATHS = "$(inherited) @executable_path/Frameworks @loader_path/Frameworks";
				METAL_ENABLE_DEBUG_INFO = NO;
				PRODUCT_NAME = "$(TARGET_NAME)";
				TEST_HOST = "$(BUNDLE_LOADER)";
			};
			name = Release;
		};
/* End XCBuildConfiguration section */

/* Begin XCConfigurationList section */
		20B39511196B88F700086A35 /* Build configuration list for PBXProject "ModalViewSample" */ = {
			isa = XCConfigurationList;
			buildConfigurations = (
				20B39530196B88F700086A35 /* Debug */,
				20B39531196B88F700086A35 /* Release */,
			);
			defaultConfigurationIsVisible = 0;
			defaultConfigurationName = Release;
		};
		20B39532196B88F700086A35 /* Build configuration list for PBXNativeTarget "ModalViewSample" */ = {
			isa = XCConfigurationList;
			buildConfigurations = (
				20B39533196B88F700086A35 /* Debug */,
				20B39534196B88F700086A35 /* Release */,
			);
			defaultConfigurationIsVisible = 0;
			defaultConfigurationName = Release;
		};
		20B39535196B88F700086A35 /* Build configuration list for PBXNativeTarget "ModalViewSampleTests" */ = {
			isa = XCConfigurationList;
			buildConfigurations = (
				20B39536196B88F700086A35 /* Debug */,
				20B39537196B88F700086A35 /* Release */,
			);
			defaultConfigurationIsVisible = 0;
			defaultConfigurationName = Release;
		};
/* End XCConfigurationList section */
	};
	rootObject = 20B3950E196B88F700086A35 /* Project object */;
}
